
Microsoft Visual Studio Solution File, Format Version 12.00
# Visual Studio Version 17
VisualStudioVersion = 17.4.33122.133
MinimumVisualStudioVersion = 10.0.40219.1
Project("{FAE04EC0-301F-11D3-BF4B-00C04F79EFBC}") = "Aula14DeDezembro", "Aula14DeDezembro.csproj", "{784BDDA8-500F-4A02-A4B8-44C69E1E7122}"
EndProject
Global
	GlobalSection(SolutionConfigurationPlatforms) = preSolution
		Debug|Any CPU = Debug|Any CPU
		Release|Any CPU = Release|Any CPU
	EndGlobalSection
	GlobalSection(ProjectConfigurationPlatforms) = postSolution
		{784BDDA8-500F-4A02-A4B8-44C69E1E7122}.Debug|Any CPU.ActiveCfg = Debug|Any CPU
		{784BDDA8-500F-4A02-A4B8-44C69E1E7122}.Debug|Any CPU.Build.0 = Debug|Any CPU
		{784BDDA8-500F-4A02-A4B8-44C69E1E7122}.Release|Any CPU.ActiveCfg = Release|Any CPU
		{784BDDA8-500F-4A02-A4B8-44C69E1E7122}.Release|Any CPU.Build.0 = Release|Any CPU
	EndGlobalSection
	GlobalSection(SolutionProperties) = preSolution
		HideSolutionNode = FALSE
	EndGlobalSection
	GlobalSection(ExtensibilityGlobals) = postSolution
		SolutionGuid = {06BFC028-2B66-46DA-8D71-CBF5881BC118}
	EndGlobalSection
EndGlobal
